
Microsoft Visual Studio Solution File, Format Version 12.00
# Visual Studio Version 17
VisualStudioVersion = 17.7.34018.315
MinimumVisualStudioVersion = 10.0.40219.1
Project("{9A19103F-16F7-4668-BE54-9A1E7A4F7556}") = "XUnitTestProject", "XUnitTestProject\XUnitTestProject.csproj", "{1132FB1C-9FAE-42DC-A21B-E247D4587C22}"
EndProject
Project("{9A19103F-16F7-4668-BE54-9A1E7A4F7556}") = "XUnitWithASPWebApp", "XUnitWithASPWebApp\XUnitWithASPWebApp.csproj", "{CD788794-AA41-49CE-8BF2-F7578E405D4D}"
EndProject
Project("{9A19103F-16F7-4668-BE54-9A1E7A4F7556}") = "XUnitWithASPWebApp.Test", "xUnitForASPNetProject\XUnitWithASPWebApp.Test.csproj", "{4B48C5DD-02E5-4EEA-9198-27AF725989BF}"
EndProject
Project("{9A19103F-16F7-4668-BE54-9A1E7A4F7556}") = "UnitTestingTutorial", "UnitTestingTutorial\UnitTestingTutorial.csproj", "{082F7EF3-AE88-481B-B4F2-2F57244FF827}"
EndProject
Project("{FAE04EC0-301F-11D3-BF4B-00C04F79EFBC}") = "UnitTestingTutorial.Test", "UnitTestingTutorial.Test\UnitTestingTutorial.Test.csproj", "{FF27DB5C-30C6-4D4F-B2DF-3B99C8415516}"
EndProject
Global
	GlobalSection(SolutionConfigurationPlatforms) = preSolution
		Debug|Any CPU = Debug|Any CPU
		Release|Any CPU = Release|Any CPU
	EndGlobalSection
	GlobalSection(ProjectConfigurationPlatforms) = postSolution
		{1132FB1C-9FAE-42DC-A21B-E247D4587C22}.Debug|Any CPU.ActiveCfg = Debug|Any CPU
		{1132FB1C-9FAE-42DC-A21B-E247D4587C22}.Debug|Any CPU.Build.0 = Debug|Any CPU
		{1132FB1C-9FAE-42DC-A21B-E247D4587C22}.Release|Any CPU.ActiveCfg = Release|Any CPU
		{1132FB1C-9FAE-42DC-A21B-E247D4587C22}.Release|Any CPU.Build.0 = Release|Any CPU
		{CD788794-AA41-49CE-8BF2-F7578E405D4D}.Debug|Any CPU.ActiveCfg = Debug|Any CPU
		{CD788794-AA41-49CE-8BF2-F7578E405D4D}.Debug|Any CPU.Build.0 = Debug|Any CPU
		{CD788794-AA41-49CE-8BF2-F7578E405D4D}.Release|Any CPU.ActiveCfg = Release|Any CPU
		{CD788794-AA41-49CE-8BF2-F7578E405D4D}.Release|Any CPU.Build.0 = Release|Any CPU
		{4B48C5DD-02E5-4EEA-9198-27AF725989BF}.Debug|Any CPU.ActiveCfg = Debug|Any CPU
		{4B48C5DD-02E5-4EEA-9198-27AF725989BF}.Debug|Any CPU.Build.0 = Debug|Any CPU
		{4B48C5DD-02E5-4EEA-9198-27AF725989BF}.Release|Any CPU.ActiveCfg = Release|Any CPU
		{4B48C5DD-02E5-4EEA-9198-27AF725989BF}.Release|Any CPU.Build.0 = Release|Any CPU
		{082F7EF3-AE88-481B-B4F2-2F57244FF827}.Debug|Any CPU.ActiveCfg = Debug|Any CPU
		{082F7EF3-AE88-481B-B4F2-2F57244FF827}.Debug|Any CPU.Build.0 = Debug|Any CPU
		{082F7EF3-AE88-481B-B4F2-2F57244FF827}.Release|Any CPU.ActiveCfg = Release|Any CPU
		{082F7EF3-AE88-481B-B4F2-2F57244FF827}.Release|Any CPU.Build.0 = Release|Any CPU
		{FF27DB5C-30C6-4D4F-B2DF-3B99C8415516}.Debug|Any CPU.ActiveCfg = Debug|Any CPU
		{FF27DB5C-30C6-4D4F-B2DF-3B99C8415516}.Debug|Any CPU.Build.0 = Debug|Any CPU
		{FF27DB5C-30C6-4D4F-B2DF-3B99C8415516}.Release|Any CPU.ActiveCfg = Release|Any CPU
		{FF27DB5C-30C6-4D4F-B2DF-3B99C8415516}.Release|Any CPU.Build.0 = Release|Any CPU
	EndGlobalSection
	GlobalSection(SolutionProperties) = preSolution
		HideSolutionNode = FALSE
	EndGlobalSection
	GlobalSection(ExtensibilityGlobals) = postSolution
		SolutionGuid = {88643429-6B0E-4E75-AC13-1AB6B878A5CB}
	EndGlobalSection
EndGlobal
